
Microsoft Visual Studio Solution File, Format Version 12.00
# Visual Studio 14
VisualStudioVersion = 14.0.24720.0
MinimumVisualStudioVersion = 10.0.40219.1
Project("{FAE04EC0-301F-11D3-BF4B-00C04F79EFBC}") = "CCross.ThrowIf.Core", "CCross.ThrowIf.Core\CCross.ThrowIf.Core.csproj", "{EE767F04-6792-4940-9F38-5A21C0DF858E}"
EndProject
Project("{FAE04EC0-301F-11D3-BF4B-00C04F79EFBC}") = "NuGet.PackagerVS2015", "NuGet.PackagerVS2015\NuGet.PackagerVS2015.csproj", "{0451BAEF-DF2E-4B98-8644-94EE9415E389}"
EndProject
Project("{FAE04EC0-301F-11D3-BF4B-00C04F79EFBC}") = "CCross.ThrowIf.Core.Tests", "CCross.ThrowIf.Core.Tests\CCross.ThrowIf.Core.Tests.csproj", "{34A11DEB-C7F6-4BBB-8F96-A4ACF0D87074}"
EndProject
Global
	GlobalSection(SolutionConfigurationPlatforms) = preSolution
		Debug|Any CPU = Debug|Any CPU
		Release|Any CPU = Release|Any CPU
	EndGlobalSection
	GlobalSection(ProjectConfigurationPlatforms) = postSolution
		{EE767F04-6792-4940-9F38-5A21C0DF858E}.Debug|Any CPU.ActiveCfg = Debug|Any CPU
		{EE767F04-6792-4940-9F38-5A21C0DF858E}.Debug|Any CPU.Build.0 = Debug|Any CPU
		{EE767F04-6792-4940-9F38-5A21C0DF858E}.Release|Any CPU.ActiveCfg = Release|Any CPU
		{EE767F04-6792-4940-9F38-5A21C0DF858E}.Release|Any CPU.Build.0 = Release|Any CPU
		{0451BAEF-DF2E-4B98-8644-94EE9415E389}.Debug|Any CPU.ActiveCfg = Debug|Any CPU
		{0451BAEF-DF2E-4B98-8644-94EE9415E389}.Debug|Any CPU.Build.0 = Debug|Any CPU
		{0451BAEF-DF2E-4B98-8644-94EE9415E389}.Release|Any CPU.ActiveCfg = Release|Any CPU
		{0451BAEF-DF2E-4B98-8644-94EE9415E389}.Release|Any CPU.Build.0 = Release|Any CPU
		{34A11DEB-C7F6-4BBB-8F96-A4ACF0D87074}.Debug|Any CPU.ActiveCfg = Debug|Any CPU
		{34A11DEB-C7F6-4BBB-8F96-A4ACF0D87074}.Debug|Any CPU.Build.0 = Debug|Any CPU
		{34A11DEB-C7F6-4BBB-8F96-A4ACF0D87074}.Release|Any CPU.ActiveCfg = Release|Any CPU
		{34A11DEB-C7F6-4BBB-8F96-A4ACF0D87074}.Release|Any CPU.Build.0 = Release|Any CPU
	EndGlobalSection
	GlobalSection(SolutionProperties) = preSolution
		HideSolutionNode = FALSE
	EndGlobalSection
EndGlobal
